
Microsoft Visual Studio Solution File, Format Version 12.00
# Visual Studio Version 17
VisualStudioVersion = 17.12.35527.113 d17.12
MinimumVisualStudioVersion = 10.0.40219.1
Project("{FAE04EC0-301F-11D3-BF4B-00C04F79EFBC}") = "AgenMe.Application", "AgenMe.Application.csproj", "{0DA5CFFE-ED7C-456B-B2EC-87A01D522121}"
EndProject
Project("{FAE04EC0-301F-11D3-BF4B-00C04F79EFBC}") = "AgenMe.Domain", "..\AgenMe.Domain\AgenMe.Domain.csproj", "{B5E3AC19-CDC9-4D7C-90F7-A91B7712F1DA}"
EndProject
Project("{FAE04EC0-301F-11D3-BF4B-00C04F79EFBC}") = "AgenMe.Infrastructure", "..\AgenMe.Infrastructure\AgenMe.Infrastructure.csproj", "{9A990B9C-ADF6-403A-BFD3-116B5971427A}"
EndProject
Project("{FAE04EC0-301F-11D3-BF4B-00C04F79EFBC}") = "AgenMe.Tests", "..\AgenMe.Tests\AgenMe.Tests.csproj", "{EC78D28A-5507-45EE-AFDD-866FA0E0428C}"
EndProject
Project("{FAE04EC0-301F-11D3-BF4B-00C04F79EFBC}") = "AgenMe.API", "..\AgenMe.API\AgenMe.API.csproj", "{E6EA2C4D-DD38-4A50-8A12-9C0F9FFD7722}"
EndProject
Global
	GlobalSection(SolutionConfigurationPlatforms) = preSolution
		Debug|Any CPU = Debug|Any CPU
		Release|Any CPU = Release|Any CPU
	EndGlobalSection
	GlobalSection(ProjectConfigurationPlatforms) = postSolution
		{0DA5CFFE-ED7C-456B-B2EC-87A01D522121}.Debug|Any CPU.ActiveCfg = Debug|Any CPU
		{0DA5CFFE-ED7C-456B-B2EC-87A01D522121}.Debug|Any CPU.Build.0 = Debug|Any CPU
		{0DA5CFFE-ED7C-456B-B2EC-87A01D522121}.Release|Any CPU.ActiveCfg = Release|Any CPU
		{0DA5CFFE-ED7C-456B-B2EC-87A01D522121}.Release|Any CPU.Build.0 = Release|Any CPU
		{B5E3AC19-CDC9-4D7C-90F7-A91B7712F1DA}.Debug|Any CPU.ActiveCfg = Debug|Any CPU
		{B5E3AC19-CDC9-4D7C-90F7-A91B7712F1DA}.Debug|Any CPU.Build.0 = Debug|Any CPU
		{B5E3AC19-CDC9-4D7C-90F7-A91B7712F1DA}.Release|Any CPU.ActiveCfg = Release|Any CPU
		{B5E3AC19-CDC9-4D7C-90F7-A91B7712F1DA}.Release|Any CPU.Build.0 = Release|Any CPU
		{9A990B9C-ADF6-403A-BFD3-116B5971427A}.Debug|Any CPU.ActiveCfg = Debug|Any CPU
		{9A990B9C-ADF6-403A-BFD3-116B5971427A}.Debug|Any CPU.Build.0 = Debug|Any CPU
		{9A990B9C-ADF6-403A-BFD3-116B5971427A}.Release|Any CPU.ActiveCfg = Release|Any CPU
		{9A990B9C-ADF6-403A-BFD3-116B5971427A}.Release|Any CPU.Build.0 = Release|Any CPU
		{EC78D28A-5507-45EE-AFDD-866FA0E0428C}.Debug|Any CPU.ActiveCfg = Debug|Any CPU
		{EC78D28A-5507-45EE-AFDD-866FA0E0428C}.Debug|Any CPU.Build.0 = Debug|Any CPU
		{EC78D28A-5507-45EE-AFDD-866FA0E0428C}.Release|Any CPU.ActiveCfg = Release|Any CPU
		{EC78D28A-5507-45EE-AFDD-866FA0E0428C}.Release|Any CPU.Build.0 = Release|Any CPU
		{E6EA2C4D-DD38-4A50-8A12-9C0F9FFD7722}.Debug|Any CPU.ActiveCfg = Debug|Any CPU
		{E6EA2C4D-DD38-4A50-8A12-9C0F9FFD7722}.Debug|Any CPU.Build.0 = Debug|Any CPU
		{E6EA2C4D-DD38-4A50-8A12-9C0F9FFD7722}.Release|Any CPU.ActiveCfg = Release|Any CPU
		{E6EA2C4D-DD38-4A50-8A12-9C0F9FFD7722}.Release|Any CPU.Build.0 = Release|Any CPU
	EndGlobalSection
	GlobalSection(SolutionProperties) = preSolution
		HideSolutionNode = FALSE
	EndGlobalSection
EndGlobal
